
Microsoft Visual Studio Solution File, Format Version 12.00
# Visual Studio Version 16
VisualStudioVersion = 16.0.31624.102
MinimumVisualStudioVersion = 10.0.40219.1
Project("{FAE04EC0-301F-11D3-BF4B-00C04F79EFBC}") = "CRM", "CRM\CRM.csproj", "{1BE87E9D-9B20-4C13-898E-619335F44367}"
EndProject
Global
	GlobalSection(SolutionConfigurationPlatforms) = preSolution
		Debug|Any CPU = Debug|Any CPU
		Release|Any CPU = Release|Any CPU
	EndGlobalSection
	GlobalSection(ProjectConfigurationPlatforms) = postSolution
		{1BE87E9D-9B20-4C13-898E-619335F44367}.Debug|Any CPU.ActiveCfg = Debug|Any CPU
		{1BE87E9D-9B20-4C13-898E-619335F44367}.Debug|Any CPU.Build.0 = Debug|Any CPU
		{1BE87E9D-9B20-4C13-898E-619335F44367}.Release|Any CPU.ActiveCfg = Release|Any CPU
		{1BE87E9D-9B20-4C13-898E-619335F44367}.Release|Any CPU.Build.0 = Release|Any CPU
	EndGlobalSection
	GlobalSection(SolutionProperties) = preSolution
		HideSolutionNode = FALSE
	EndGlobalSection
	GlobalSection(ExtensibilityGlobals) = postSolution
		SolutionGuid = {DD03EAB2-770C-42AE-AD3F-CEA63A750411}
	EndGlobalSection
EndGlobal
